PODS:
  - SwiftTableViewGroup (2.0.0)

DEPENDENCIES:
  - SwiftTableViewGroup (from `../SwiftTableViewGroup.podspec`)

EXTERNAL SOURCES:
  SwiftTableViewGroup:
    :path: "../SwiftTableViewGroup.podspec"

SPEC CHECKSUMS:
  SwiftTableViewGroup: 9de1d051962aa2b83abef20856de7e478ae73f5a

PODFILE CHECKSUM: 2c8a560691720efaaf9fab5aee0990301590ba2a

COCOAPODS: 1.7.5
